{
  "version": 4,
  "terraform_version": "1.12.2",
  "serial": 10,
  "lineage": "a7b145a3-f113-1b21-5fef-a2b0168b78c4",
  "outputs": {
    "vm_public_ip_address": {
      "value": "172.201.41.235",
      "type": "string"
    }
  },
  "resources": [
    {
      "mode": "data",
      "type": "azurerm_public_ip",
      "name": "vm",
      "provider": "provider[\"registry.terraform.io/hashicorp/azurerm\"]",
      "instances": [
        {
          "schema_version": 0,
          "attributes": {
            "allocation_method": "Static",
            "domain_name_label": "",
            "fqdn": "",
            "id": "/subscriptions/5f5e7418-77da-46e1-9f29-dc818fc30cb4/resourceGroups/rg-devops-cp2/providers/Microsoft.Network/publicIPAddresses/public_ip",
            "idle_timeout_in_minutes": 4,
            "ip_address": "172.201.41.235",
            "ip_tags": {},
            "ip_version": "IPv4",
            "location": "westeurope",
            "name": "public_ip",
            "resource_group_name": "rg-devops-cp2",
            "reverse_fqdn": "",
            "sku": "Standard",
            "tags": {},
            "timeouts": null,
            "zones": []
          },
          "sensitive_attributes": [],
          "identity_schema_version": 0
        }
      ]
    },
    {
      "mode": "managed",
      "type": "azurerm_linux_virtual_machine",
      "name": "vm",
      "provider": "provider[\"registry.terraform.io/hashicorp/azurerm\"]",
      "instances": [
        {
          "schema_version": 0,
          "attributes": {
            "additional_capabilities": [],
            "admin_password": null,
            "admin_ssh_key": [
              {
                "public_key": "ssh-rsa AAAAB3NzaC1yc2EAAAADAQABAAACAQDZu8GEGfQ9DhoPeePZOMIZPaeAjytBOyBdRMrlU2BcgEvRzA8qIVx7XnG5TNqoxF3xsNu5MoICicEN9wrfr0hb5rOOC03t7qv2CyaJULzlZ3GCRy+I9dNTHKvT9Z1Dz8e97NQL6Jk93wyCGy+mo0FNZb+lDBHjpRHu4EmVhjaTpCIFa7NauzMbnKCg8F3LmdbsqieyudDkdQzPIL4v6da8fhUOTlVD96X9fzcBVn7groqwillCkzcqXfYktmms8K2E8myCEYnHCQB/rSB+s5FuuuCjB0vntGtznwgScz4OI0HDmYiqmGYPaxwSVmqv3xp9aDye/gTtCl6APWprSdsTOpkWj64jhXI8l/yrTv5YNcGGWHMvEV6HHXg7yyX6yfTyj4T8DbDSxrEY7LfUiGYcEiySvnbLrHnbSW7Y79uAX8K/LQlpkI8BSrYSluBvAsovEjTpD9l14FVEiGMLX3m14zmw990ML1PH7GXGDRbMb4vcPyg0Mxcf/kjrqUMGcSgxSXXXkax6lwqgohATjg89Ahi1c7kBFGcqSK1g1V5jL40dzXmmBA2E/uZInZLqcvab2L1vS5Y24M/ejtGRV+0ZjZR3aqQGaHm5J5qon8D3b17Pq8JdBDACKBUv095066wAsFAls65fpUvWL0X0UT6YYoQqCvp3uDZ6sQVp18YCxw== terraform-azure\n",
                "username": "azureuser"
              }
            ],
            "admin_username": "azureuser",
            "allow_extension_operations": true,
            "availability_set_id": "",
            "boot_diagnostics": [],
            "computer_name": "vm-cp2",
            "custom_data": null,
            "dedicated_host_group_id": "",
            "dedicated_host_id": "",
            "disable_password_authentication": true,
            "edge_zone": "",
            "encryption_at_host_enabled": false,
            "eviction_policy": "",
            "extensions_time_budget": "PT1H30M",
            "id": "/subscriptions/5f5e7418-77da-46e1-9f29-dc818fc30cb4/resourceGroups/rg-devops-cp2/providers/Microsoft.Compute/virtualMachines/vm-cp2",
            "identity": [],
            "license_type": "",
            "location": "westeurope",
            "max_bid_price": -1,
            "name": "vm-cp2",
            "network_interface_ids": [
              "/subscriptions/5f5e7418-77da-46e1-9f29-dc818fc30cb4/resourceGroups/rg-devops-cp2/providers/Microsoft.Network/networkInterfaces/nic-cp2"
            ],
            "os_disk": [
              {
                "caching": "ReadWrite",
                "diff_disk_settings": [],
                "disk_encryption_set_id": "",
                "disk_size_gb": 30,
                "name": "vm-cp2_disk1_8ae1d03dcbf64dc182657bb818f0b0d9",
                "storage_account_type": "Standard_LRS",
                "write_accelerator_enabled": false
              }
            ],
            "patch_mode": "ImageDefault",
            "plan": [],
            "platform_fault_domain": -1,
            "priority": "Regular",
            "private_ip_address": "10.0.2.4",
            "private_ip_addresses": [
              "10.0.2.4"
            ],
            "provision_vm_agent": true,
            "proximity_placement_group_id": "",
            "public_ip_address": "172.201.41.235",
            "public_ip_addresses": [
              "172.201.41.235"
            ],
            "resource_group_name": "rg-devops-cp2",
            "secret": [],
            "secure_boot_enabled": false,
            "size": "Standard_B1s",
            "source_image_id": "",
            "source_image_reference": [
              {
                "offer": "0001-com-ubuntu-server-jammy",
                "publisher": "Canonical",
                "sku": "22_04-lts",
                "version": "latest"
              }
            ],
            "tags": null,
            "termination_notification": null,
            "timeouts": null,
            "user_data": "",
            "virtual_machine_id": "091a84e6-58ec-4eb1-a088-f0d4882fdf37",
            "virtual_machine_scale_set_id": "",
            "vtpm_enabled": false,
            "zone": ""
          },
          "sensitive_attributes": [
            [
              {
                "type": "get_attr",
                "value": "admin_password"
              }
            ],
            [
              {
                "type": "get_attr",
                "value": "custom_data"
              }
            ]
          ],
          "identity_schema_version": 0,
          "private": "eyJlMmJmYjczMC1lY2FhLTExZTYtOGY4OC0zNDM2M2JjN2M0YzAiOnsiY3JlYXRlIjoyNzAwMDAwMDAwMDAwLCJkZWxldGUiOjI3MDAwMDAwMDAwMDAsInJlYWQiOjMwMDAwMDAwMDAwMCwidXBkYXRlIjoyNzAwMDAwMDAwMDAwfX0=",
          "dependencies": [
            "azurerm_network_interface.vm",
            "azurerm_public_ip.vm",
            "azurerm_resource_group.vm",
            "azurerm_subnet.vm",
            "azurerm_virtual_network.vm"
          ]
        }
      ]
    },
    {
      "mode": "managed",
      "type": "azurerm_network_interface",
      "name": "vm",
      "provider": "provider[\"registry.terraform.io/hashicorp/azurerm\"]",
      "instances": [
        {
          "schema_version": 0,
          "attributes": {
            "applied_dns_servers": [],
            "dns_servers": [],
            "edge_zone": "",
            "enable_accelerated_networking": false,
            "enable_ip_forwarding": false,
            "id": "/subscriptions/5f5e7418-77da-46e1-9f29-dc818fc30cb4/resourceGroups/rg-devops-cp2/providers/Microsoft.Network/networkInterfaces/nic-cp2",
            "internal_dns_name_label": "",
            "internal_domain_name_suffix": "detwaqo2hpyelakgxz0kntjd1h.ax.internal.cloudapp.net",
            "ip_configuration": [
              {
                "gateway_load_balancer_frontend_ip_configuration_id": "",
                "name": "internal",
                "primary": true,
                "private_ip_address": "10.0.2.4",
                "private_ip_address_allocation": "Dynamic",
                "private_ip_address_version": "IPv4",
                "public_ip_address_id": "/subscriptions/5f5e7418-77da-46e1-9f29-dc818fc30cb4/resourceGroups/rg-devops-cp2/providers/Microsoft.Network/publicIPAddresses/public_ip",
                "subnet_id": "/subscriptions/5f5e7418-77da-46e1-9f29-dc818fc30cb4/resourceGroups/rg-devops-cp2/providers/Microsoft.Network/virtualNetworks/network-cp2/subnets/subnet-cp2"
              }
            ],
            "location": "westeurope",
            "mac_address": "",
            "name": "nic-cp2",
            "private_ip_address": "10.0.2.4",
            "private_ip_addresses": [
              "10.0.2.4"
            ],
            "resource_group_name": "rg-devops-cp2",
            "tags": null,
            "timeouts": null,
            "virtual_machine_id": ""
          },
          "sensitive_attributes": [],
          "identity_schema_version": 0,
          "private": "eyJlMmJmYjczMC1lY2FhLTExZTYtOGY4OC0zNDM2M2JjN2M0YzAiOnsiY3JlYXRlIjoxODAwMDAwMDAwMDAwLCJkZWxldGUiOjE4MDAwMDAwMDAwMDAsInJlYWQiOjMwMDAwMDAwMDAwMCwidXBkYXRlIjoxODAwMDAwMDAwMDAwfX0=",
          "dependencies": [
            "azurerm_public_ip.vm",
            "azurerm_resource_group.vm",
            "azurerm_subnet.vm",
            "azurerm_virtual_network.vm"
          ]
        }
      ]
    },
    {
      "mode": "managed",
      "type": "azurerm_public_ip",
      "name": "vm",
      "provider": "provider[\"registry.terraform.io/hashicorp/azurerm\"]",
      "instances": [
        {
          "schema_version": 0,
          "attributes": {
            "allocation_method": "Static",
            "domain_name_label": null,
            "edge_zone": "",
            "fqdn": null,
            "id": "/subscriptions/5f5e7418-77da-46e1-9f29-dc818fc30cb4/resourceGroups/rg-devops-cp2/providers/Microsoft.Network/publicIPAddresses/public_ip",
            "idle_timeout_in_minutes": 4,
            "ip_address": "172.201.41.235",
            "ip_tags": null,
            "ip_version": "IPv4",
            "location": "westeurope",
            "name": "public_ip",
            "public_ip_prefix_id": null,
            "resource_group_name": "rg-devops-cp2",
            "reverse_fqdn": null,
            "sku": "Standard",
            "sku_tier": "Regional",
            "tags": null,
            "timeouts": null,
            "zones": null
          },
          "sensitive_attributes": [],
          "identity_schema_version": 0,
          "private": "eyJlMmJmYjczMC1lY2FhLTExZTYtOGY4OC0zNDM2M2JjN2M0YzAiOnsiY3JlYXRlIjoxODAwMDAwMDAwMDAwLCJkZWxldGUiOjE4MDAwMDAwMDAwMDAsInJlYWQiOjMwMDAwMDAwMDAwMCwidXBkYXRlIjoxODAwMDAwMDAwMDAwfX0=",
          "dependencies": [
            "azurerm_resource_group.vm"
          ]
        }
      ]
    },
    {
      "mode": "managed",
      "type": "azurerm_resource_group",
      "name": "vm",
      "provider": "provider[\"registry.terraform.io/hashicorp/azurerm\"]",
      "instances": [
        {
          "schema_version": 0,
          "attributes": {
            "id": "/subscriptions/5f5e7418-77da-46e1-9f29-dc818fc30cb4/resourceGroups/rg-devops-cp2",
            "location": "westeurope",
            "name": "rg-devops-cp2",
            "tags": {},
            "timeouts": null
          },
          "sensitive_attributes": [],
          "identity_schema_version": 0,
          "private": "eyJlMmJmYjczMC1lY2FhLTExZTYtOGY4OC0zNDM2M2JjN2M0YzAiOnsiY3JlYXRlIjo1NDAwMDAwMDAwMDAwLCJkZWxldGUiOjU0MDAwMDAwMDAwMDAsInJlYWQiOjMwMDAwMDAwMDAwMCwidXBkYXRlIjo1NDAwMDAwMDAwMDAwfX0="
        }
      ]
    },
    {
      "mode": "managed",
      "type": "azurerm_subnet",
      "name": "vm",
      "provider": "provider[\"registry.terraform.io/hashicorp/azurerm\"]",
      "instances": [
        {
          "schema_version": 0,
          "attributes": {
            "address_prefixes": [
              "10.0.2.0/24"
            ],
            "delegation": [],
            "enforce_private_link_endpoint_network_policies": false,
            "enforce_private_link_service_network_policies": false,
            "id": "/subscriptions/5f5e7418-77da-46e1-9f29-dc818fc30cb4/resourceGroups/rg-devops-cp2/providers/Microsoft.Network/virtualNetworks/network-cp2/subnets/subnet-cp2",
            "name": "subnet-cp2",
            "resource_group_name": "rg-devops-cp2",
            "service_endpoint_policy_ids": [],
            "service_endpoints": [],
            "timeouts": null,
            "virtual_network_name": "network-cp2"
          },
          "sensitive_attributes": [],
          "identity_schema_version": 0,
          "private": "eyJlMmJmYjczMC1lY2FhLTExZTYtOGY4OC0zNDM2M2JjN2M0YzAiOnsiY3JlYXRlIjoxODAwMDAwMDAwMDAwLCJkZWxldGUiOjE4MDAwMDAwMDAwMDAsInJlYWQiOjMwMDAwMDAwMDAwMCwidXBkYXRlIjoxODAwMDAwMDAwMDAwfX0=",
          "dependencies": [
            "azurerm_resource_group.vm",
            "azurerm_virtual_network.vm"
          ]
        }
      ]
    },
    {
      "mode": "managed",
      "type": "azurerm_virtual_network",
      "name": "vm",
      "provider": "provider[\"registry.terraform.io/hashicorp/azurerm\"]",
      "instances": [
        {
          "schema_version": 0,
          "attributes": {
            "address_space": [
              "10.0.0.0/16"
            ],
            "bgp_community": "",
            "ddos_protection_plan": [],
            "dns_servers": [],
            "edge_zone": "",
            "flow_timeout_in_minutes": 0,
            "guid": "41602719-3bdc-45f0-8146-be74a6cd23df",
            "id": "/subscriptions/5f5e7418-77da-46e1-9f29-dc818fc30cb4/resourceGroups/rg-devops-cp2/providers/Microsoft.Network/virtualNetworks/network-cp2",
            "location": "westeurope",
            "name": "network-cp2",
            "resource_group_name": "rg-devops-cp2",
            "subnet": [
              {
                "address_prefix": "10.0.2.0/24",
                "id": "/subscriptions/5f5e7418-77da-46e1-9f29-dc818fc30cb4/resourceGroups/rg-devops-cp2/providers/Microsoft.Network/virtualNetworks/network-cp2/subnets/subnet-cp2",
                "name": "subnet-cp2",
                "security_group": ""
              }
            ],
            "tags": {},
            "timeouts": null
          },
          "sensitive_attributes": [],
          "identity_schema_version": 0,
          "private": "eyJlMmJmYjczMC1lY2FhLTExZTYtOGY4OC0zNDM2M2JjN2M0YzAiOnsiY3JlYXRlIjoxODAwMDAwMDAwMDAwLCJkZWxldGUiOjE4MDAwMDAwMDAwMDAsInJlYWQiOjMwMDAwMDAwMDAwMCwidXBkYXRlIjoxODAwMDAwMDAwMDAwfX0=",
          "dependencies": [
            "azurerm_resource_group.vm"
          ]
        }
      ]
    }
  ],
  "check_results": null
}
